
Microsoft Visual Studio Solution File, Format Version 12.00
# Visual Studio Version 17
VisualStudioVersion = 17.0.32014.148
MinimumVisualStudioVersion = 10.0.40219.1
Project("{FAE04EC0-301F-11D3-BF4B-00C04F79EFBC}") = "Visitor", "Visitor\Visitor.csproj", "{66AB5FE6-E277-4329-8C33-6D97B1282775}"
EndProject
Global
	GlobalSection(SolutionConfigurationPlatforms) = preSolution
		Debug|Any CPU = Debug|Any CPU
		Release|Any CPU = Release|Any CPU
	EndGlobalSection
	GlobalSection(ProjectConfigurationPlatforms) = postSolution
		{66AB5FE6-E277-4329-8C33-6D97B1282775}.Debug|Any CPU.ActiveCfg = Debug|Any CPU
		{66AB5FE6-E277-4329-8C33-6D97B1282775}.Debug|Any CPU.Build.0 = Debug|Any CPU
		{66AB5FE6-E277-4329-8C33-6D97B1282775}.Release|Any CPU.ActiveCfg = Release|Any CPU
		{66AB5FE6-E277-4329-8C33-6D97B1282775}.Release|Any CPU.Build.0 = Release|Any CPU
	EndGlobalSection
	GlobalSection(SolutionProperties) = preSolution
		HideSolutionNode = FALSE
	EndGlobalSection
	GlobalSection(ExtensibilityGlobals) = postSolution
		SolutionGuid = {0B6E722F-102B-42B4-B1D6-489883F66A35}
	EndGlobalSection
EndGlobal
